
Microsoft Visual Studio Solution File, Format Version 12.00
# Visual Studio 15
VisualStudioVersion = 15.0.28307.421
MinimumVisualStudioVersion = 10.0.40219.1
Project("{FAE04EC0-301F-11D3-BF4B-00C04F79EFBC}") = "DataStorage", "DataStorage\DataStorage.csproj", "{FFBBA6EF-4FBE-454D-88F9-753C7BA2836B}"
EndProject
Project("{FAE04EC0-301F-11D3-BF4B-00C04F79EFBC}") = "DataStorage.Tests", "DataStorage.Tests\DataStorage.Tests.csproj", "{2D2AE1A5-CA77-4E64-803B-ECB0B7708D41}"
EndProject
Project("{FAE04EC0-301F-11D3-BF4B-00C04F79EFBC}") = "DataStorage.BLL", "DataStorage.BLL\DataStorage.BLL.csproj", "{56762402-8960-4E21-AFDA-C5AB3843FB17}"
EndProject
Project("{FAE04EC0-301F-11D3-BF4B-00C04F79EFBC}") = "DataStorage.DAL", "DataStorage.DAL\DataStorage.DAL.csproj", "{792C6448-D486-40F2-B1AF-C1EEA1BAE71C}"
EndProject
Global
	GlobalSection(SolutionConfigurationPlatforms) = preSolution
		Debug|Any CPU = Debug|Any CPU
		Release|Any CPU = Release|Any CPU
	EndGlobalSection
	GlobalSection(ProjectConfigurationPlatforms) = postSolution
		{FFBBA6EF-4FBE-454D-88F9-753C7BA2836B}.Debug|Any CPU.ActiveCfg = Debug|Any CPU
		{FFBBA6EF-4FBE-454D-88F9-753C7BA2836B}.Debug|Any CPU.Build.0 = Debug|Any CPU
		{FFBBA6EF-4FBE-454D-88F9-753C7BA2836B}.Release|Any CPU.ActiveCfg = Release|Any CPU
		{FFBBA6EF-4FBE-454D-88F9-753C7BA2836B}.Release|Any CPU.Build.0 = Release|Any CPU
		{2D2AE1A5-CA77-4E64-803B-ECB0B7708D41}.Debug|Any CPU.ActiveCfg = Debug|Any CPU
		{2D2AE1A5-CA77-4E64-803B-ECB0B7708D41}.Debug|Any CPU.Build.0 = Debug|Any CPU
		{2D2AE1A5-CA77-4E64-803B-ECB0B7708D41}.Release|Any CPU.ActiveCfg = Release|Any CPU
		{2D2AE1A5-CA77-4E64-803B-ECB0B7708D41}.Release|Any CPU.Build.0 = Release|Any CPU
		{56762402-8960-4E21-AFDA-C5AB3843FB17}.Debug|Any CPU.ActiveCfg = Debug|Any CPU
		{56762402-8960-4E21-AFDA-C5AB3843FB17}.Debug|Any CPU.Build.0 = Debug|Any CPU
		{56762402-8960-4E21-AFDA-C5AB3843FB17}.Release|Any CPU.ActiveCfg = Release|Any CPU
		{56762402-8960-4E21-AFDA-C5AB3843FB17}.Release|Any CPU.Build.0 = Release|Any CPU
		{792C6448-D486-40F2-B1AF-C1EEA1BAE71C}.Debug|Any CPU.ActiveCfg = Debug|Any CPU
		{792C6448-D486-40F2-B1AF-C1EEA1BAE71C}.Debug|Any CPU.Build.0 = Debug|Any CPU
		{792C6448-D486-40F2-B1AF-C1EEA1BAE71C}.Release|Any CPU.ActiveCfg = Release|Any CPU
		{792C6448-D486-40F2-B1AF-C1EEA1BAE71C}.Release|Any CPU.Build.0 = Release|Any CPU
	EndGlobalSection
	GlobalSection(SolutionProperties) = preSolution
		HideSolutionNode = FALSE
	EndGlobalSection
	GlobalSection(ExtensibilityGlobals) = postSolution
		SolutionGuid = {F03589C4-3EA7-4D71-A20D-BB696BFC518F}
	EndGlobalSection
EndGlobal
