
Microsoft Visual Studio Solution File, Format Version 12.00
# Visual Studio 15
VisualStudioVersion = 15.0.28307.421
MinimumVisualStudioVersion = 10.0.40219.1
Project("{9A19103F-16F7-4668-BE54-9A1E7A4F7556}") = "DataStorage.BLL", "DataStorage.BLL\DataStorage.BLL.csproj", "{56762402-8960-4E21-AFDA-C5AB3843FB17}"
EndProject
Project("{9A19103F-16F7-4668-BE54-9A1E7A4F7556}") = "DataStorage.DAL", "DataStorage.DAL\DataStorage.DAL.csproj", "{792C6448-D486-40F2-B1AF-C1EEA1BAE71C}"
EndProject
Project("{9A19103F-16F7-4668-BE54-9A1E7A4F7556}") = "DataStorage.App", "DataStorage.App\DataStorage.App.csproj", "{B7208551-0D7D-46BA-AA6B-8BB670D98C26}"
EndProject
Project("{FAE04EC0-301F-11D3-BF4B-00C04F79EFBC}") = "Configuration", "Configuration\Configuration.csproj", "{AB3FD1AF-0422-409C-B0BC-F1D7B4EA1E34}"
EndProject
Global
	GlobalSection(SolutionConfigurationPlatforms) = preSolution
		Debug|Any CPU = Debug|Any CPU
		Release|Any CPU = Release|Any CPU
	EndGlobalSection
	GlobalSection(ProjectConfigurationPlatforms) = postSolution
		{56762402-8960-4E21-AFDA-C5AB3843FB17}.Debug|Any CPU.ActiveCfg = Debug|Any CPU
		{56762402-8960-4E21-AFDA-C5AB3843FB17}.Debug|Any CPU.Build.0 = Debug|Any CPU
		{56762402-8960-4E21-AFDA-C5AB3843FB17}.Release|Any CPU.ActiveCfg = Release|Any CPU
		{56762402-8960-4E21-AFDA-C5AB3843FB17}.Release|Any CPU.Build.0 = Release|Any CPU
		{792C6448-D486-40F2-B1AF-C1EEA1BAE71C}.Debug|Any CPU.ActiveCfg = Debug|Any CPU
		{792C6448-D486-40F2-B1AF-C1EEA1BAE71C}.Debug|Any CPU.Build.0 = Debug|Any CPU
		{792C6448-D486-40F2-B1AF-C1EEA1BAE71C}.Release|Any CPU.ActiveCfg = Release|Any CPU
		{792C6448-D486-40F2-B1AF-C1EEA1BAE71C}.Release|Any CPU.Build.0 = Release|Any CPU
		{B7208551-0D7D-46BA-AA6B-8BB670D98C26}.Debug|Any CPU.ActiveCfg = Debug|Any CPU
		{B7208551-0D7D-46BA-AA6B-8BB670D98C26}.Debug|Any CPU.Build.0 = Debug|Any CPU
		{B7208551-0D7D-46BA-AA6B-8BB670D98C26}.Release|Any CPU.ActiveCfg = Release|Any CPU
		{B7208551-0D7D-46BA-AA6B-8BB670D98C26}.Release|Any CPU.Build.0 = Release|Any CPU
		{AB3FD1AF-0422-409C-B0BC-F1D7B4EA1E34}.Debug|Any CPU.ActiveCfg = Debug|Any CPU
		{AB3FD1AF-0422-409C-B0BC-F1D7B4EA1E34}.Debug|Any CPU.Build.0 = Debug|Any CPU
		{AB3FD1AF-0422-409C-B0BC-F1D7B4EA1E34}.Release|Any CPU.ActiveCfg = Release|Any CPU
		{AB3FD1AF-0422-409C-B0BC-F1D7B4EA1E34}.Release|Any CPU.Build.0 = Release|Any CPU
	EndGlobalSection
	GlobalSection(SolutionProperties) = preSolution
		HideSolutionNode = FALSE
	EndGlobalSection
	GlobalSection(ExtensibilityGlobals) = postSolution
		SolutionGuid = {F03589C4-3EA7-4D71-A20D-BB696BFC518F}
	EndGlobalSection
EndGlobal
